// !$*UTF8*$!
{
	archiveVersion = 1;
	classes = {
	};
	objectVersion = 55;
	objects = {

/* Begin PBXBuildFile section */
		F039AD4C2716D5B200AD1807 /* AppDelegate.swift in Sources */ = {isa = PBXBuildFile; fileRef = F039AD4B2716D5B200AD1807 /* AppDelegate.swift */; };
		F039AD4E2716D5B200AD1807 /* SceneDelegate.swift in Sources */ = {isa = PBXBuildFile; fileRef = F039AD4D2716D5B200AD1807 /* SceneDelegate.swift */; };
		F039AD502716D5B200AD1807 /* ViewController.swift in Sources */ = {isa = PBXBuildFile; fileRef = F039AD4F2716D5B200AD1807 /* ViewController.swift */; };
		F039AD552716D5B300AD1807 /* Assets.xcassets in Resources */ = {isa = PBXBuildFile; fileRef = F039AD542716D5B300AD1807 /* Assets.xcassets */; };
		F039AD582716D5B300AD1807 /* LaunchScreen.storyboard in Resources */ = {isa = PBXBuildFile; fileRef = F039AD562716D5B300AD1807 /* LaunchScreen.storyboard */; };
		F039AD602716E45800AD1807 /* UIView+Extension.swift in Sources */ = {isa = PBXBuildFile; fileRef = F039AD5F2716E45800AD1807 /* UIView+Extension.swift */; };
		F039AD622716E54200AD1807 /* ShimmerEffectLoadable.swift in Sources */ = {isa = PBXBuildFile; fileRef = F039AD612716E54200AD1807 /* ShimmerEffectLoadable.swift */; };
		F0BFD0FA2717048300DE7646 /* DetailTableViewCell.swift in Sources */ = {isa = PBXBuildFile; fileRef = F0BFD0F92717048300DE7646 /* DetailTableViewCell.swift */; };
		F0BFD0FC2717070B00DE7646 /* recording.mp4 in Resources */ = {isa = PBXBuildFile; fileRef = F0BFD0FB2717070B00DE7646 /* recording.mp4 */; };
		F0BFD0FE2717073700DE7646 /* README.md in Resources */ = {isa = PBXBuildFile; fileRef = F0BFD0FD2717073700DE7646 /* README.md */; };
/* End PBXBuildFile section */

/* Begin PBXFileReference section */
		F039AD482716D5B200AD1807 /* ShimmerEffect.app */ = {isa = PBXFileReference; explicitFileType = wrapper.application; includeInIndex = 0; path = ShimmerEffect.app; sourceTree = BUILT_PRODUCTS_DIR; };
		F039AD4B2716D5B200AD1807 /* AppDelegate.swift */ = {isa = PBXFileReference; lastKnownFileType = sourcecode.swift; path = AppDelegate.swift; sourceTree = "<group>"; };
		F039AD4D2716D5B200AD1807 /* SceneDelegate.swift */ = {isa = PBXFileReference; lastKnownFileType = sourcecode.swift; path = SceneDelegate.swift; sourceTree = "<group>"; };
		F039AD4F2716D5B200AD1807 /* ViewController.swift */ = {isa = PBXFileReference; lastKnownFileType = sourcecode.swift; path = ViewController.swift; sourceTree = "<group>"; };
		F039AD542716D5B300AD1807 /* Assets.xcassets */ = {isa = PBXFileReference; lastKnownFileType = folder.assetcatalog; path = Assets.xcassets; sourceTree = "<group>"; };
		F039AD572716D5B300AD1807 /* Base */ = {isa = PBXFileReference; lastKnownFileType = file.storyboard; name = Base; path = Base.lproj/LaunchScreen.storyboard; sourceTree = "<group>"; };
		F039AD592716D5B300AD1807 /* Info.plist */ = {isa = PBXFileReference; lastKnownFileType = text.plist.xml; path = Info.plist; sourceTree = "<group>"; };
		F039AD5F2716E45800AD1807 /* UIView+Extension.swift */ = {isa = PBXFileReference; lastKnownFileType = sourcecode.swift; path = "UIView+Extension.swift"; sourceTree = "<group>"; };
		F039AD612716E54200AD1807 /* ShimmerEffectLoadable.swift */ = {isa = PBXFileReference; lastKnownFileType = sourcecode.swift; path = ShimmerEffectLoadable.swift; sourceTree = "<group>"; };
		F0BFD0F92717048300DE7646 /* DetailTableViewCell.swift */ = {isa = PBXFileReference; lastKnownFileType = sourcecode.swift; path = DetailTableViewCell.swift; sourceTree = "<group>"; };
		F0BFD0FB2717070B00DE7646 /* recording.mp4 */ = {isa = PBXFileReference; lastKnownFileType = file; path = recording.mp4; sourceTree = "<group>"; };
		F0BFD0FD2717073700DE7646 /* README.md */ = {isa = PBXFileReference; lastKnownFileType = net.daringfireball.markdown; path = README.md; sourceTree = "<group>"; };
/* End PBXFileReference section */

/* Begin PBXFrameworksBuildPhase section */
		F039AD452716D5B200AD1807 /* Frameworks */ = {
			isa = PBXFrameworksBuildPhase;
			buildActionMask = 2147483647;
			files = (
			);
			runOnlyForDeploymentPostprocessing = 0;
		};
/* End PBXFrameworksBuildPhase section */

/* Begin PBXGroup section */
		F039AD3F2716D5B200AD1807 = {
			isa = PBXGroup;
			children = (
				F0BFD0FD2717073700DE7646 /* README.md */,
				F0BFD0FB2717070B00DE7646 /* recording.mp4 */,
				F039AD4A2716D5B200AD1807 /* ShimmerEffect */,
				F039AD492716D5B200AD1807 /* Products */,
			);
			sourceTree = "<group>";
		};
		F039AD492716D5B200AD1807 /* Products */ = {
			isa = PBXGroup;
			children = (
				F039AD482716D5B200AD1807 /* ShimmerEffect.app */,
			);
			name = Products;
			sourceTree = "<group>";
		};
		F039AD4A2716D5B200AD1807 /* ShimmerEffect */ = {
			isa = PBXGroup;
			children = (
				F039AD4B2716D5B200AD1807 /* AppDelegate.swift */,
				F039AD4D2716D5B200AD1807 /* SceneDelegate.swift */,
				F0BFD0F82717047600DE7646 /* Views */,
				F0BFD0F72717017000DE7646 /* Controllers */,
				F0BFD0F62717016800DE7646 /* Extensions */,
				F0BFD0F52717016100DE7646 /* Protocols */,
				F039AD542716D5B300AD1807 /* Assets.xcassets */,
				F039AD592716D5B300AD1807 /* Info.plist */,
			);
			path = ShimmerEffect;
			sourceTree = "<group>";
		};
		F0BFD0F52717016100DE7646 /* Protocols */ = {
			isa = PBXGroup;
			children = (
				F039AD612716E54200AD1807 /* ShimmerEffectLoadable.swift */,
			);
			path = Protocols;
			sourceTree = "<group>";
		};
		F0BFD0F62717016800DE7646 /* Extensions */ = {
			isa = PBXGroup;
			children = (
				F039AD5F2716E45800AD1807 /* UIView+Extension.swift */,
			);
			path = Extensions;
			sourceTree = "<group>";
		};
		F0BFD0F72717017000DE7646 /* Controllers */ = {
			isa = PBXGroup;
			children = (
				F039AD4F2716D5B200AD1807 /* ViewController.swift */,
			);
			path = Controllers;
			sourceTree = "<group>";
		};
		F0BFD0F82717047600DE7646 /* Views */ = {
			isa = PBXGroup;
			children = (
				F039AD562716D5B300AD1807 /* LaunchScreen.storyboard */,
				F0BFD0F92717048300DE7646 /* DetailTableViewCell.swift */,
			);
			path = Views;
			sourceTree = "<group>";
		};
/* End PBXGroup section */

/* Begin PBXNativeTarget section */
		F039AD472716D5B200AD1807 /* ShimmerEffect */ = {
			isa = PBXNativeTarget;
			buildConfigurationList = F039AD5C2716D5B300AD1807 /* Build configuration list for PBXNativeTarget "ShimmerEffect" */;
			buildPhases = (
				F039AD442716D5B200AD1807 /* Sources */,
				F039AD452716D5B200AD1807 /* Frameworks */,
				F039AD462716D5B200AD1807 /* Resources */,
			);
			buildRules = (
			);
			dependencies = (
			);
			name = ShimmerEffect;
			productName = ShimmerEffect;
			productReference = F039AD482716D5B200AD1807 /* ShimmerEffect.app */;
			productType = "com.apple.product-type.application";
		};
/* End PBXNativeTarget section */

/* Begin PBXProject section */
		F039AD402716D5B200AD1807 /* Project object */ = {
			isa = PBXProject;
			attributes = {
				BuildIndependentTargetsInParallel = 1;
				LastSwiftUpdateCheck = 1300;
				LastUpgradeCheck = 1300;
				TargetAttributes = {
					F039AD472716D5B200AD1807 = {
						CreatedOnToolsVersion = 13.0;
					};
				};
			};
			buildConfigurationList = F039AD432716D5B200AD1807 /* Build configuration list for PBXProject "ShimmerEffect" */;
			compatibilityVersion = "Xcode 13.0";
			developmentRegion = en;
			hasScannedForEncodings = 0;
			knownRegions = (
				en,
				Base,
			);
			mainGroup = F039AD3F2716D5B200AD1807;
			productRefGroup = F039AD492716D5B200AD1807 /* Products */;
			projectDirPath = "";
			projectRoot = "";
			targets = (
				F039AD472716D5B200AD1807 /* ShimmerEffect */,
			);
		};
/* End PBXProject section */

/* Begin PBXResourcesBuildPhase section */
		F039AD462716D5B200AD1807 /* Resources */ = {
			isa = PBXResourcesBuildPhase;
			buildActionMask = 2147483647;
			files = (
				F039AD582716D5B300AD1807 /* LaunchScreen.storyboard in Resources */,
				F0BFD0FC2717070B00DE7646 /* recording.mp4 in Resources */,
				F0BFD0FE2717073700DE7646 /* README.md in Resources */,
				F039AD552716D5B300AD1807 /* Assets.xcassets in Resources */,
			);
			runOnlyForDeploymentPostprocessing = 0;
		};
/* End PBXResourcesBuildPhase section */

/* Begin PBXSourcesBuildPhase section */
		F039AD442716D5B200AD1807 /* Sources */ = {
			isa = PBXSourcesBuildPhase;
			buildActionMask = 2147483647;
			files = (
				F0BFD0FA2717048300DE7646 /* DetailTableViewCell.swift in Sources */,
				F039AD502716D5B200AD1807 /* ViewController.swift in Sources */,
				F039AD622716E54200AD1807 /* ShimmerEffectLoadable.swift in Sources */,
				F039AD4C2716D5B200AD1807 /* AppDelegate.swift in Sources */,
				F039AD602716E45800AD1807 /* UIView+Extension.swift in Sources */,
				F039AD4E2716D5B200AD1807 /* SceneDelegate.swift in Sources */,
			);
			runOnlyForDeploymentPostprocessing = 0;
		};
/* End PBXSourcesBuildPhase section */

/* Begin PBXVariantGroup section */
		F039AD562716D5B300AD1807 /* LaunchScreen.storyboard */ = {
			isa = PBXVariantGroup;
			children = (
				F039AD572716D5B300AD1807 /* Base */,
			);
			name = LaunchScreen.storyboard;
			sourceTree = "<group>";
		};
/* End PBXVariantGroup section */

/* Begin XCBuildConfiguration section */
		F039AD5A2716D5B300AD1807 /* Debug */ = {
			isa = XCBuildConfiguration;
			buildSettings = {
				ALWAYS_SEARCH_USER_PATHS = NO;
				CLANG_ANALYZER_NONNULL = YES;
				CLANG_ANALYZER_NUMBER_OBJECT_CONVERSION = YES_AGGRESSIVE;
				CLANG_CXX_LANGUAGE_STANDARD = "gnu++17";
				CLANG_CXX_LIBRARY = "libc++";
				CLANG_ENABLE_MODULES = YES;
				CLANG_ENABLE_OBJC_ARC = YES;
				CLANG_ENABLE_OBJC_WEAK = YES;
				CLANG_WARN_BLOCK_CAPTURE_AUTORELEASING = YES;
				CLANG_WARN_BOOL_CONVERSION = YES;
				CLANG_WARN_COMMA = YES;
				CLANG_WARN_CONSTANT_CONVERSION = YES;
				CLANG_WARN_DEPRECATED_OBJC_IMPLEMENTATIONS = YES;
				CLANG_WARN_DIRECT_OBJC_ISA_USAGE = YES_ERROR;
				CLANG_WARN_DOCUMENTATION_COMMENTS = YES;
				CLANG_WARN_EMPTY_BODY = YES;
				CLANG_WARN_ENUM_CONVERSION = YES;
				CLANG_WARN_INFINITE_RECURSION = YES;
				CLANG_WARN_INT_CONVERSION = YES;
				CLANG_WARN_NON_LITERAL_NULL_CONVERSION = YES;
				CLANG_WARN_OBJC_IMPLICIT_RETAIN_SELF = YES;
				CLANG_WARN_OBJC_LITERAL_CONVERSION = YES;
				CLANG_WARN_OBJC_ROOT_CLASS = YES_ERROR;
				CLANG_WARN_QUOTED_INCLUDE_IN_FRAMEWORK_HEADER = YES;
				CLANG_WARN_RANGE_LOOP_ANALYSIS = YES;
				CLANG_WARN_STRICT_PROTOTYPES = YES;
				CLANG_WARN_SUSPICIOUS_MOVE = YES;
				CLANG_WARN_UNGUARDED_AVAILABILITY = YES_AGGRESSIVE;
				CLANG_WARN_UNREACHABLE_CODE = YES;
				CLANG_WARN__DUPLICATE_METHOD_MATCH = YES;
				COPY_PHASE_STRIP = NO;
				DEBUG_INFORMATION_FORMAT = dwarf;
				ENABLE_STRICT_OBJC_MSGSEND = YES;
				ENABLE_TESTABILITY = YES;
				GCC_C_LANGUAGE_STANDARD = gnu11;
				GCC_DYNAMIC_NO_PIC = NO;
				GCC_NO_COMMON_BLOCKS = YES;
				GCC_OPTIMIZATION_LEVEL = 0;
				GCC_PREPROCESSOR_DEFINITIONS = (
					"DEBUG=1",
					"$(inherited)",
				);
				GCC_WARN_64_TO_32_BIT_CONVERSION = YES;
				GCC_WARN_ABOUT_RETURN_TYPE = YES_ERROR;
				GCC_WARN_UNDECLARED_SELECTOR = YES;
				GCC_WARN_UNINITIALIZED_AUTOS = YES_AGGRESSIVE;
				GCC_WARN_UNUSED_FUNCTION = YES;
				GCC_WARN_UNUSED_VARIABLE = YES;
				IPHONEOS_DEPLOYMENT_TARGET = 15.0;
				MTL_ENABLE_DEBUG_INFO = INCLUDE_SOURCE;
				MTL_FAST_MATH = YES;
				ONLY_ACTIVE_ARCH = YES;
				SDKROOT = iphoneos;
				SWIFT_ACTIVE_COMPILATION_CONDITIONS = DEBUG;
				SWIFT_OPTIMIZATION_LEVEL = "-Onone";
			};
			name = Debug;
		};
		F039AD5B2716D5B300AD1807 /* Release */ = {
			isa = XCBuildConfiguration;
			buildSettings = {
				ALWAYS_SEARCH_USER_PATHS = NO;
				CLANG_ANALYZER_NONNULL = YES;
				CLANG_ANALYZER_NUMBER_OBJECT_CONVERSION = YES_AGGRESSIVE;
				CLANG_CXX_LANGUAGE_STANDARD = "gnu++17";
				CLANG_CXX_LIBRARY = "libc++";
				CLANG_ENABLE_MODULES = YES;
				CLANG_ENABLE_OBJC_ARC = YES;
				CLANG_ENABLE_OBJC_WEAK = YES;
				CLANG_WARN_BLOCK_CAPTURE_AUTORELEASING = YES;
				CLANG_WARN_BOOL_CONVERSION = YES;
				CLANG_WARN_COMMA = YES;
				CLANG_WARN_CONSTANT_CONVERSION = YES;
				CLANG_WARN_DEPRECATED_OBJC_IMPLEMENTATIONS = YES;
				CLANG_WARN_DIRECT_OBJC_ISA_USAGE = YES_ERROR;
				CLANG_WARN_DOCUMENTATION_COMMENTS = YES;
				CLANG_WARN_EMPTY_BODY = YES;
				CLANG_WARN_ENUM_CONVERSION = YES;
				CLANG_WARN_INFINITE_RECURSION = YES;
				CLANG_WARN_INT_CONVERSION = YES;
				CLANG_WARN_NON_LITERAL_NULL_CONVERSION = YES;
				CLANG_WARN_OBJC_IMPLICIT_RETAIN_SELF = YES;
				CLANG_WARN_OBJC_LITERAL_CONVERSION = YES;
				CLANG_WARN_OBJC_ROOT_CLASS = YES_ERROR;
				CLANG_WARN_QUOTED_INCLUDE_IN_FRAMEWORK_HEADER = YES;
				CLANG_WARN_RANGE_LOOP_ANALYSIS = YES;
				CLANG_WARN_STRICT_PROTOTYPES = YES;
				CLANG_WARN_SUSPICIOUS_MOVE = YES;
				CLANG_WARN_UNGUARDED_AVAILABILITY = YES_AGGRESSIVE;
				CLANG_WARN_UNREACHABLE_CODE = YES;
				CLANG_WARN__DUPLICATE_METHOD_MATCH = YES;
				COPY_PHASE_STRIP = NO;
				DEBUG_INFORMATION_FORMAT = "dwarf-with-dsym";
				ENABLE_NS_ASSERTIONS = NO;
				ENABLE_STRICT_OBJC_MSGSEND = YES;
				GCC_C_LANGUAGE_STANDARD = gnu11;
				GCC_NO_COMMON_BLOCKS = YES;
				GCC_WARN_64_TO_32_BIT_CONVERSION = YES;
				GCC_WARN_ABOUT_RETURN_TYPE = YES_ERROR;
				GCC_WARN_UNDECLARED_SELECTOR = YES;
				GCC_WARN_UNINITIALIZED_AUTOS = YES_AGGRESSIVE;
				GCC_WARN_UNUSED_FUNCTION = YES;
				GCC_WARN_UNUSED_VARIABLE = YES;
				IPHONEOS_DEPLOYMENT_TARGET = 15.0;
				MTL_ENABLE_DEBUG_INFO = NO;
				MTL_FAST_MATH = YES;
				SDKROOT = iphoneos;
				SWIFT_COMPILATION_MODE = wholemodule;
				SWIFT_OPTIMIZATION_LEVEL = "-O";
				VALIDATE_PRODUCT = YES;
			};
			name = Release;
		};
		F039AD5D2716D5B300AD1807 /* Debug */ = {
			isa = XCBuildConfiguration;
			buildSettings = {
				ASSETCATALOG_COMPILER_APPICON_NAME = AppIcon;
				ASSETCATALOG_COMPILER_GLOBAL_ACCENT_COLOR_NAME = AccentColor;
				CODE_SIGN_STYLE = Automatic;
				CURRENT_PROJECT_VERSION = 1;
				GENERATE_INFOPLIST_FILE = YES;
				INFOPLIST_FILE = ShimmerEffect/Info.plist;
				INFOPLIST_KEY_UIApplicationSupportsIndirectInputEvents = YES;
				INFOPLIST_KEY_UILaunchStoryboardName = LaunchScreen;
				INFOPLIST_KEY_UISupportedInterfaceOrientations_iPad = "UIInterfaceOrientationPortrait UIInterfaceOrientationPortraitUpsideDown UIInterfaceOrientationLandscapeLeft UIInterfaceOrientationLandscapeRight";
				INFOPLIST_KEY_UISupportedInterfaceOrientations_iPhone = "UIInterfaceOrientationPortrait UIInterfaceOrientationLandscapeLeft UIInterfaceOrientationLandscapeRight";
				LD_RUNPATH_SEARCH_PATHS = (
					"$(inherited)",
					"@executable_path/Frameworks",
				);
				MARKETING_VERSION = 1.0;
				PRODUCT_BUNDLE_IDENTIFIER = com.learn.ShimmerEffect;
				PRODUCT_NAME = "$(TARGET_NAME)";
				SWIFT_EMIT_LOC_STRINGS = YES;
				SWIFT_VERSION = 5.0;
				TARGETED_DEVICE_FAMILY = "1,2";
			};
			name = Debug;
		};
		F039AD5E2716D5B300AD1807 /* Release */ = {
			isa = XCBuildConfiguration;
			buildSettings = {
				ASSETCATALOG_COMPILER_APPICON_NAME = AppIcon;
				ASSETCATALOG_COMPILER_GLOBAL_ACCENT_COLOR_NAME = AccentColor;
				CODE_SIGN_STYLE = Automatic;
				CURRENT_PROJECT_VERSION = 1;
				GENERATE_INFOPLIST_FILE = YES;
				INFOPLIST_FILE = ShimmerEffect/Info.plist;
				INFOPLIST_KEY_UIApplicationSupportsIndirectInputEvents = YES;
				INFOPLIST_KEY_UILaunchStoryboardName = LaunchScreen;
				INFOPLIST_KEY_UISupportedInterfaceOrientations_iPad = "UIInterfaceOrientationPortrait UIInterfaceOrientationPortraitUpsideDown UIInterfaceOrientationLandscapeLeft UIInterfaceOrientationLandscapeRight";
				INFOPLIST_KEY_UISupportedInterfaceOrientations_iPhone = "UIInterfaceOrientationPortrait UIInterfaceOrientationLandscapeLeft UIInterfaceOrientationLandscapeRight";
				LD_RUNPATH_SEARCH_PATHS = (
					"$(inherited)",
					"@executable_path/Frameworks",
				);
				MARKETING_VERSION = 1.0;
				PRODUCT_BUNDLE_IDENTIFIER = com.learn.ShimmerEffect;
				PRODUCT_NAME = "$(TARGET_NAME)";
				SWIFT_EMIT_LOC_STRINGS = YES;
				SWIFT_VERSION = 5.0;
				TARGETED_DEVICE_FAMILY = "1,2";
			};
			name = Release;
		};
/* End XCBuildConfiguration section */

/* Begin XCConfigurationList section */
		F039AD432716D5B200AD1807 /* Build configuration list for PBXProject "ShimmerEffect" */ = {
			isa = XCConfigurationList;
			buildConfigurations = (
				F039AD5A2716D5B300AD1807 /* Debug */,
				F039AD5B2716D5B300AD1807 /* Release */,
			);
			defaultConfigurationIsVisible = 0;
			defaultConfigurationName = Release;
		};
		F039AD5C2716D5B300AD1807 /* Build configuration list for PBXNativeTarget "ShimmerEffect" */ = {
			isa = XCConfigurationList;
			buildConfigurations = (
				F039AD5D2716D5B300AD1807 /* Debug */,
				F039AD5E2716D5B300AD1807 /* Release */,
			);
			defaultConfigurationIsVisible = 0;
			defaultConfigurationName = Release;
		};
/* End XCConfigurationList section */
	};
	rootObject = F039AD402716D5B200AD1807 /* Project object */;
}
